{
    "_meta": {
        "hash": {
            "sha256": "7d4171cda729c718490babfc08f8db982040ff781d404e79255b206f16fd5fed"
        },
        "pipfile-spec": 6,
        "requires": {
            "python_version": "3.10"
        },
        "sources": [
            {
                "name": "pypi",
                "url": "https://pypi.org/simple",
                "verify_ssl": true
            }
        ]
    },
    "default": {
        "asyncpg": {
            "hashes": [
                "sha256:03f44926fa7ff7ccd59e98f05c7e227e9de15332a7da5bbcef3654bf468ee597",
                "sha256:050e339694f8c5d9aebcf326ca26f6622ef23963a6a3a4f97aeefc743954afd5",
                "sha256:0de408626cfc811ef04f372debfcdd5e4ab5aeb358f2ff14d1bdc246ed6272b5",
                "sha256:235205b60d4d014921f7b1cdca0e19669a9a8978f7606b3eb8237ca95f8e716e",
                "sha256:2ed3880b3aec8bda90548218fe0914d251d641f798382eda39a17abfc4910af0",
                "sha256:3ecbe8ed3af4c739addbfbd78f7752866cce2c4e9cc3f953556e4960349ae360",
                "sha256:49fc7220334cc31d14866a0b77a575d6a5945c0fa3bb67f17304e8b838e2a02b",
                "sha256:4b4051012ca75defa9a1dc6b78185ca58cdc3a247187eb76a6bcf55dfaa2fad4",
                "sha256:6d60f15a0ac18c54a6ca6507c28599c06e2e87a0901e7b548f15243d71905b18",
                "sha256:7129bd809990fd119e8b2b9982e80be7712bb6041cd082be3e415e60e5e2e98f",
                "sha256:77e684a24fee17ba3e487ca982d0259ed17bae1af68006f4cf284b23ba20ea2c",
                "sha256:838e4acd72da370ad07243898e886e93d3c0c9413f4444d600ba60a5cc206014",
                "sha256:868a71704262834065ca7113d80b1f679609e2df77d837747e3d92150dd5a39b",
                "sha256:8e1e79f0253cbd51fc43c4d0ce8804e46ee71f6c173fdc75606662ad18756b52",
                "sha256:9acb22a7b6bcca0d80982dce3d67f267d43e960544fb5dd934fd3abe20c48014",
                "sha256:a254d09a3a989cc1839ba2c34448b879cdd017b528a0cda142c92fbb6c13d957",
                "sha256:b0c3f39ebfac06848ba3f1e280cb1fada7cc1229538e3dad3146e8d1f9deb92a",
                "sha256:b1f7b173af649b85126429e11a628d01a5b75973d2a55d64dba19ad8f0e9f904",
                "sha256:d156e53b329e187e2dbfca8c28c999210045c45ef22a200b50de9b9e520c2694",
                "sha256:d96cf93e01df9fb03cef5f62346587805e6c0ca6f654c23b8d35315bdc69af59",
                "sha256:e550d8185f2c4725c1e8d3c555fe668b41bd092143012ddcc5343889e1c2a13d",
                "sha256:e5bd99ee7a00e87df97b804f178f31086e88c8106aca9703b1d7be5078999e68",
                "sha256:ede1a3a2c377fe12a3930f4b4dd5340e8b32929541d5db027a21816852723438",
                "sha256:efe056fd22fc6ed5c1ab353b6510808409566daac4e6f105e2043797f17b8dad",
                "sha256:f3ce7d8c0ab4639bbf872439eba86ef62dd030b245ad0e17c8c675d93d7a6b2d",
                "sha256:f92d501bf213b16fabad4fbb0061398d2bceae30ddc228e7314c28dcc6641b79"
            ],
            "index": "pypi",
            "version": "==0.26.0"
        },
        "msgspec": {
            "hashes": [
                "sha256:15a7d24f72730cb67a227e4f19af21531f47b9c50a730ad6a5c49ef0d2ae448a",
                "sha256:37add8b096b88ced9349797c674e8b36a4be9c8fd3cb1694f0d93f4c757c8dd3",
                "sha256:42fae0339c330385ee894fa1524c1587677232fb8c124216e5e80eda083d6e9c",
                "sha256:5dd2f656ad972b55308ccc83b6f66ef05c059b0b7d02b29edb3408660fb4821b",
                "sha256:6306028e42e38158a2c3cc73588a1c7571bfa631a47c7f7896166a7e073509f1",
                "sha256:64b00532f5f7aaeba589c36944c271ef7f6bddcc62519e8c03066e4f4d87471d",
                "sha256:7454466c418cc8faa96792367c56917899baeeda59524701b43392eeab738fbd",
                "sha256:8dbd0fee64d4412ad171f24a2e0cc054bc4f0a7c956aa2dad58a13eb3649ff03",
                "sha256:993313a1e1097bb0b59abfe376cc8a47cdfb7bc1bb421aa0b743e8dccf2b993f",
                "sha256:a1e4817dd66cefe38654adb576736ab57116b960a1ad40ab03c18f96373d6864",
                "sha256:a29c2a23e814b1a15ac91e400bea2b17e1cf86308a7a169f71607ebb4f97593b",
                "sha256:a427a75f8e704996624d3a5f64482665f0d5daec9f8d9569c10071b615374614",
                "sha256:ba14c9c06a18e736c50b5184929b61b0ab8aece72519c08d01e9a350b2eb454e",
                "sha256:bfccffb036901d97ee236262f46b0f152bc37e603180e748e08bee74d844a34f",
                "sha256:c0fcb9f390d8e0f000024c6946d383e05164e86a13fab439dbfc806b6e958422",
                "sha256:cd8ae3f54a8eb3a79e6a36f580c21dedaf64b9a0d9d193fa2348f73c535bbd5c",
                "sha256:d4ca552668d6a251aaf6f06aa85eef05c95fa4e7c6c4738048b25a260de5d075",
                "sha256:d7b27a3acb17266507f51f250e71e9d88adfa09d4694905324c55b286484673d",
                "sha256:ea3882f353ee7e7b59c9c64a329f9b912c9ac60bd0a8279418c7ae0ca1c671bf",
                "sha256:f5712fa79a412f6a3b88fbc43495d65f6cd4eaab06d79c0cf2eb3662c5fc71b8",
                "sha256:fe3add134d964132d24d95ddbba4373d01f2b8ea750334797d3333e9563212d8",
                "sha256:ff9c8baee187a26383c267449da28799a0aa572f3d9b5aa4c1fed62b0fa8dc81"
            ],
            "index": "pypi",
            "version": "==0.9.0"
        },
        "uvloop": {
            "hashes": [
                "sha256:0949caf774b9fcefc7c5756bacbbbd3fc4c05a6b7eebc7c7ad6f825b23998d6d",
                "sha256:0ddf6baf9cf11a1a22c71487f39f15b2cf78eb5bde7e5b45fbb99e8a9d91b9e1",
                "sha256:1436c8673c1563422213ac6907789ecb2b070f5939b9cbff9ef7113f2b531595",
                "sha256:23609ca361a7fc587031429fa25ad2ed7242941adec948f9d10c045bfecab06b",
                "sha256:2a6149e1defac0faf505406259561bc14b034cdf1d4711a3ddcdfbaa8d825a05",
                "sha256:2deae0b0fb00a6af41fe60a675cec079615b01d68beb4cc7b722424406b126a8",
                "sha256:307958f9fc5c8bb01fad752d1345168c0abc5d62c1b72a4a8c6c06f042b45b20",
                "sha256:30babd84706115626ea78ea5dbc7dd8d0d01a2e9f9b306d24ca4ed5796c66ded",
                "sha256:3378eb62c63bf336ae2070599e49089005771cc651c8769aaad72d1bd9385a7c",
                "sha256:3d97672dc709fa4447ab83276f344a165075fd9f366a97b712bdd3fee05efae8",
                "sha256:3db8de10ed684995a7f34a001f15b374c230f7655ae840964d51496e2f8a8474",
                "sha256:3ebeeec6a6641d0adb2ea71dcfb76017602ee2bfd8213e3fcc18d8f699c5104f",
                "sha256:45cea33b208971e87a31c17622e4b440cac231766ec11e5d22c76fab3bf9df62",
                "sha256:6708f30db9117f115eadc4f125c2a10c1a50d711461699a0cbfaa45b9a78e376",
                "sha256:68532f4349fd3900b839f588972b3392ee56042e440dd5873dfbbcd2cc67617c",
                "sha256:6aafa5a78b9e62493539456f8b646f85abc7093dd997f4976bb105537cf2635e",
                "sha256:7d37dccc7ae63e61f7b96ee2e19c40f153ba6ce730d8ba4d3b4e9738c1dccc1b",
                "sha256:864e1197139d651a76c81757db5eb199db8866e13acb0dfe96e6fc5d1cf45fc4",
                "sha256:8887d675a64cfc59f4ecd34382e5b4f0ef4ae1da37ed665adba0c2badf0d6578",
                "sha256:8efcadc5a0003d3a6e887ccc1fb44dec25594f117a94e3127954c05cf144d811",
                "sha256:9b09e0f0ac29eee0451d71798878eae5a4e6a91aa275e114037b27f7db72702d",
                "sha256:a4aee22ece20958888eedbad20e4dbb03c37533e010fb824161b4f05e641f738",
                "sha256:a5abddb3558d3f0a78949c750644a67be31e47936042d4f6c888dd6f3c95f4aa",
                "sha256:c092a2c1e736086d59ac8e41f9c98f26bbf9b9222a76f21af9dfe949b99b2eb9",
                "sha256:c686a47d57ca910a2572fddfe9912819880b8765e2f01dc0dd12a9bf8573e539",
                "sha256:cbbe908fda687e39afd6ea2a2f14c2c3e43f2ca88e3a11964b297822358d0e6c",
                "sha256:ce9f61938d7155f79d3cb2ffa663147d4a76d16e08f65e2c66b77bd41b356718",
                "sha256:dbbaf9da2ee98ee2531e0c780455f2841e4675ff580ecf93fe5c48fe733b5667",
                "sha256:f1e507c9ee39c61bfddd79714e4f85900656db1aec4d40c6de55648e85c2799c",
                "sha256:ff3d00b70ce95adce264462c930fbaecb29718ba6563db354608f37e49e09024"
            ],
            "index": "pypi",
            "version": "==0.17.0"
        },
        "websockets": {
            "hashes": [
                "sha256:07cdc0a5b2549bcfbadb585ad8471ebdc7bdf91e32e34ae3889001c1c106a6af",
                "sha256:210aad7fdd381c52e58777560860c7e6110b6174488ef1d4b681c08b68bf7f8c",
                "sha256:28dd20b938a57c3124028680dc1600c197294da5db4292c76a0b48efb3ed7f76",
                "sha256:2f94fa3ae454a63ea3a19f73b95deeebc9f02ba2d5617ca16f0bbdae375cda47",
                "sha256:31564a67c3e4005f27815634343df688b25705cccb22bc1db621c781ddc64c69",
                "sha256:347974105bbd4ea068106ec65e8e8ebd86f28c19e529d115d89bd8cc5cda3079",
                "sha256:379e03422178436af4f3abe0aa8f401aa77ae2487843738542a75faf44a31f0c",
                "sha256:3eda1cb7e9da1b22588cefff09f0951771d6ee9fa8dbe66f5ae04cc5f26b2b55",
                "sha256:51695d3b199cd03098ae5b42833006a0f43dc5418d3102972addc593a783bc02",
                "sha256:54c000abeaff6d8771a4e2cef40900919908ea7b6b6a30eae72752607c6db559",
                "sha256:5b936bf552e4f6357f5727579072ff1e1324717902127ffe60c92d29b67b7be3",
                "sha256:6075fd24df23133c1b078e08a9b04a3bc40b31a8def4ee0b9f2c8865acce913e",
                "sha256:661f641b44ed315556a2fa630239adfd77bd1b11cb0b9d96ed8ad90b0b1e4978",
                "sha256:6ea6b300a6bdd782e49922d690e11c3669828fe36fc2471408c58b93b5535a98",
                "sha256:6ed1d6f791eabfd9808afea1e068f5e59418e55721db8b7f3bfc39dc831c42ae",
                "sha256:7934e055fd5cd9dee60f11d16c8d79c4567315824bacb1246d0208a47eca9755",
                "sha256:7ab36e17af592eec5747c68ef2722a74c1a4a70f3772bc661079baf4ae30e40d",
                "sha256:7f6d96fdb0975044fdd7953b35d003b03f9e2bcf85f2d2cf86285ece53e9f991",
                "sha256:83e5ca0d5b743cde3d29fda74ccab37bdd0911f25bd4cdf09ff8b51b7b4f2fa1",
                "sha256:85506b3328a9e083cc0a0fb3ba27e33c8db78341b3eb12eb72e8afd166c36680",
                "sha256:8af75085b4bc0b5c40c4a3c0e113fa95e84c60f4ed6786cbb675aeb1ee128247",
                "sha256:8b1359aba0ff810d5830d5ab8e2c4a02bebf98a60aa0124fb29aa78cfdb8031f",
                "sha256:8fbd7d77f8aba46d43245e86dd91a8970eac4fb74c473f8e30e9c07581f852b2",
                "sha256:907e8247480f287aa9bbc9391bd6de23c906d48af54c8c421df84655eef66af7",
                "sha256:93d5ea0b5da8d66d868b32c614d2b52d14304444e39e13a59566d4acb8d6e2e4",
                "sha256:97bc9d41e69a7521a358f9b8e44871f6cdeb42af31815c17aed36372d4eec667",
                "sha256:994cdb1942a7a4c2e10098d9162948c9e7b235df755de91ca33f6e0481366fdb",
                "sha256:a141de3d5a92188234afa61653ed0bbd2dde46ad47b15c3042ffb89548e77094",
                "sha256:a1e15b230c3613e8ea82c9fc6941b2093e8eb939dd794c02754d33980ba81e36",
                "sha256:aad5e300ab32036eb3fdc350ad30877210e2f51bceaca83fb7fef4d2b6c72b79",
                "sha256:b529fdfa881b69fe563dbd98acce84f3e5a67df13de415e143ef053ff006d500",
                "sha256:b9c77f0d1436ea4b4dc089ed8335fa141e6a251a92f75f675056dac4ab47a71e",
                "sha256:bb621ec2dbbbe8df78a27dbd9dd7919f9b7d32a73fafcb4d9252fc4637343582",
                "sha256:c7250848ce69559756ad0086a37b82c986cd33c2d344ab87fea596c5ac6d9442",
                "sha256:c8d1d14aa0f600b5be363077b621b1b4d1eb3fbf90af83f9281cda668e6ff7fd",
                "sha256:d1655a6fc7aecd333b079d00fb3c8132d18988e47f19740c69303bf02e9883c6",
                "sha256:d6353ba89cfc657a3f5beabb3b69be226adbb5c6c7a66398e17809b0ce3c4731",
                "sha256:da4377904a3379f0c1b75a965fff23b28315bcd516d27f99a803720dfebd94d4",
                "sha256:e49ea4c1a9543d2bd8a747ff24411509c29e4bdcde05b5b0895e2120cb1a761d",
                "sha256:e4e08305bfd76ba8edab08dcc6496f40674f44eb9d5e23153efa0a35750337e8",
                "sha256:e6fa05a680e35d0fcc1470cb070b10e6fe247af54768f488ed93542e71339d6f",
                "sha256:e7e6f2d6fd48422071cc8a6f8542016f350b79cc782752de531577d35e9bd677",
                "sha256:e904c0381c014b914136c492c8fa711ca4cced4e9b3d110e5e7d436d0fc289e8",
                "sha256:ec2b0ab7edc8cd4b0eb428b38ed89079bdc20c6bdb5f889d353011038caac2f9",
                "sha256:ef5ce841e102278c1c2e98f043db99d6755b1c58bde475516aef3a008ed7f28e",
                "sha256:f351c7d7d92f67c0609329ab2735eee0426a03022771b00102816a72715bb00b",
                "sha256:fab7c640815812ed5f10fbee7abbf58788d602046b7bb3af9b1ac753a6d5e916",
                "sha256:fc06cc8073c8e87072138ba1e431300e2d408f054b27047d047b549455066ff4"
            ],
            "index": "pypi",
            "version": "==10.3"
        }
    },
    "develop": {}
}
